// !$*UTF8*$!
{
	archiveVersion = 1;
	classes = {
	};
	objectVersion = 52;
	objects = {

/* Begin PBXBuildFile section */
		0B3E467B266AA2900007BDF7 /* Array+Identifiable.swift in Sources */ = {isa = PBXBuildFile; fileRef = 0B3E467A266AA2900007BDF7 /* Array+Identifiable.swift */; };
		0B3E467F266BB7690007BDF7 /* CustomDivider.swift in Sources */ = {isa = PBXBuildFile; fileRef = 0B3E467E266BB7690007BDF7 /* CustomDivider.swift */; };
		0B4128C9266826AD00EB2CF8 /* IrregularGradient in Frameworks */ = {isa = PBXBuildFile; productRef = 0B4128C8266826AD00EB2CF8 /* IrregularGradient */; };
		0B4128CB26695B7D00EB2CF8 /* Array+CustomEnumerated.swift in Sources */ = {isa = PBXBuildFile; fileRef = 0B4128CA26695B7D00EB2CF8 /* Array+CustomEnumerated.swift */; };
		0B441933265A64C600100106 /* ListView.swift in Sources */ = {isa = PBXBuildFile; fileRef = 0B441932265A64C600100106 /* ListView.swift */; };
		0B441936265A64F500100106 /* ListsOverview.swift in Sources */ = {isa = PBXBuildFile; fileRef = 0B441935265A64F500100106 /* ListsOverview.swift */; };
		0B441938265A650100100106 /* EvaluationView.swift in Sources */ = {isa = PBXBuildFile; fileRef = 0B441937265A650100100106 /* EvaluationView.swift */; };
		0B44193E265A6D0000100106 /* ShoppingListsViewModel.swift in Sources */ = {isa = PBXBuildFile; fileRef = 0B44193D265A6D0000100106 /* ShoppingListsViewModel.swift */; };
		0B441940265A76A200100106 /* Colors.swift in Sources */ = {isa = PBXBuildFile; fileRef = 0B44193F265A76A200100106 /* Colors.swift */; };
		0B441943265A9F4900100106 /* Constant.swift in Sources */ = {isa = PBXBuildFile; fileRef = 0B441942265A9F4900100106 /* Constant.swift */; };
		0BA94B34266E95AF00F308FF /* CardView.swift in Sources */ = {isa = PBXBuildFile; fileRef = 0BA94B33266E95AF00F308FF /* CardView.swift */; };
		0BA94B37266E9AC600F308FF /* Fonts.swift in Sources */ = {isa = PBXBuildFile; fileRef = 0BA94B36266E9AC600F308FF /* Fonts.swift */; };
		0BA94B39266EB5D100F308FF /* VisualEffectView.swift in Sources */ = {isa = PBXBuildFile; fileRef = 0BA94B38266EB5D100F308FF /* VisualEffectView.swift */; };
		0BA94B3B266EB79500F308FF /* ListElementView.swift in Sources */ = {isa = PBXBuildFile; fileRef = 0BA94B3A266EB79500F308FF /* ListElementView.swift */; };
		0BA94B3D266EB8A600F308FF /* BlurredBackground.swift in Sources */ = {isa = PBXBuildFile; fileRef = 0BA94B3C266EB8A600F308FF /* BlurredBackground.swift */; };
		0BA94B3F266EBA1200F308FF /* BackgroundView.swift in Sources */ = {isa = PBXBuildFile; fileRef = 0BA94B3E266EBA1200F308FF /* BackgroundView.swift */; };
		0BA94B41266EC01500F308FF /* AddTextFieldView.swift in Sources */ = {isa = PBXBuildFile; fileRef = 0BA94B40266EC01500F308FF /* AddTextFieldView.swift */; };
		0BAE70B82656C7D800135D3A /* shoppingListApp.swift in Sources */ = {isa = PBXBuildFile; fileRef = 0BAE70B72656C7D800135D3A /* shoppingListApp.swift */; };
		0BAE70BA2656C7D800135D3A /* ContentView.swift in Sources */ = {isa = PBXBuildFile; fileRef = 0BAE70B92656C7D800135D3A /* ContentView.swift */; };
		0BAE70BC2656C7DC00135D3A /* Assets.xcassets in Resources */ = {isa = PBXBuildFile; fileRef = 0BAE70BB2656C7DC00135D3A /* Assets.xcassets */; };
		0BAE70BF2656C7DC00135D3A /* Preview Assets.xcassets in Resources */ = {isa = PBXBuildFile; fileRef = 0BAE70BE2656C7DC00135D3A /* Preview Assets.xcassets */; };
		0BAE70C42656C7DC00135D3A /* shoppingList.xcdatamodeld in Sources */ = {isa = PBXBuildFile; fileRef = 0BAE70C22656C7DC00135D3A /* shoppingList.xcdatamodeld */; };
		D42555DF26923E53008B4D55 /* ShoppingElement+CoreDataClass.swift in Sources */ = {isa = PBXBuildFile; fileRef = D42555DB26923E53008B4D55 /* ShoppingElement+CoreDataClass.swift */; };
		D42555E026923E53008B4D55 /* ShoppingElement+CoreDataProperties.swift in Sources */ = {isa = PBXBuildFile; fileRef = D42555DC26923E53008B4D55 /* ShoppingElement+CoreDataProperties.swift */; };
		D42555E126923E53008B4D55 /* ShoppingList+CoreDataClass.swift in Sources */ = {isa = PBXBuildFile; fileRef = D42555DD26923E53008B4D55 /* ShoppingList+CoreDataClass.swift */; };
		D42555E226923E53008B4D55 /* ShoppingList+CoreDataProperties.swift in Sources */ = {isa = PBXBuildFile; fileRef = D42555DE26923E53008B4D55 /* ShoppingList+CoreDataProperties.swift */; };
		D4442C1C26924F3A0029449B /* NSOrderedSet+Array.swift in Sources */ = {isa = PBXBuildFile; fileRef = D4442C1B26924F3A0029449B /* NSOrderedSet+Array.swift */; };
		D45ABE4E26976D7100C1ECCC /* EyeKit.xcframework in Frameworks */ = {isa = PBXBuildFile; fileRef = D45ABE4C26976D5C00C1ECCC /* EyeKit.xcframework */; };
		D45ABE4F26976D7100C1ECCC /* EyeKit.xcframework in Embed Frameworks */ = {isa = PBXBuildFile; fileRef = D45ABE4C26976D5C00C1ECCC /* EyeKit.xcframework */; settings = {ATTRIBUTES = (CodeSignOnCopy, RemoveHeadersOnCopy, ); }; };
		D461FB832684EE9300559A11 /* ShoppingListsModel.xcdatamodeld in Sources */ = {isa = PBXBuildFile; fileRef = D461FB812684EE9300559A11 /* ShoppingListsModel.xcdatamodeld */; };
		D48C6BD6268D1964000AD333 /* SwiftUIX in Frameworks */ = {isa = PBXBuildFile; productRef = D48C6BD5268D1964000AD333 /* SwiftUIX */; };
		D4A71A1A26949EB900548C49 /* EvaluationOverview.swift in Sources */ = {isa = PBXBuildFile; fileRef = D4A71A1926949EB900548C49 /* EvaluationOverview.swift */; };
/* End PBXBuildFile section */

/* Begin PBXCopyFilesBuildPhase section */
		D4BCD3B8268F1BE40080639B /* Embed Frameworks */ = {
			isa = PBXCopyFilesBuildPhase;
			buildActionMask = 2147483647;
			dstPath = "";
			dstSubfolderSpec = 10;
			files = (
				D45ABE4F26976D7100C1ECCC /* EyeKit.xcframework in Embed Frameworks */,
			);
			name = "Embed Frameworks";
			runOnlyForDeploymentPostprocessing = 0;
		};
/* End PBXCopyFilesBuildPhase section */

/* Begin PBXFileReference section */
		0B3E467A266AA2900007BDF7 /* Array+Identifiable.swift */ = {isa = PBXFileReference; lastKnownFileType = sourcecode.swift; path = "Array+Identifiable.swift"; sourceTree = "<group>"; };
		0B3E467E266BB7690007BDF7 /* CustomDivider.swift */ = {isa = PBXFileReference; lastKnownFileType = sourcecode.swift; path = CustomDivider.swift; sourceTree = "<group>"; };
		0B4128CA26695B7D00EB2CF8 /* Array+CustomEnumerated.swift */ = {isa = PBXFileReference; lastKnownFileType = sourcecode.swift; path = "Array+CustomEnumerated.swift"; sourceTree = "<group>"; };
		0B441932265A64C600100106 /* ListView.swift */ = {isa = PBXFileReference; lastKnownFileType = sourcecode.swift; path = ListView.swift; sourceTree = "<group>"; };
		0B441935265A64F500100106 /* ListsOverview.swift */ = {isa = PBXFileReference; lastKnownFileType = sourcecode.swift; path = ListsOverview.swift; sourceTree = "<group>"; };
		0B441937265A650100100106 /* EvaluationView.swift */ = {isa = PBXFileReference; lastKnownFileType = sourcecode.swift; path = EvaluationView.swift; sourceTree = "<group>"; };
		0B44193D265A6D0000100106 /* ShoppingListsViewModel.swift */ = {isa = PBXFileReference; lastKnownFileType = sourcecode.swift; path = ShoppingListsViewModel.swift; sourceTree = "<group>"; };
		0B44193F265A76A200100106 /* Colors.swift */ = {isa = PBXFileReference; lastKnownFileType = sourcecode.swift; path = Colors.swift; sourceTree = "<group>"; };
		0B441942265A9F4900100106 /* Constant.swift */ = {isa = PBXFileReference; lastKnownFileType = sourcecode.swift; path = Constant.swift; sourceTree = "<group>"; };
		0BA94B33266E95AF00F308FF /* CardView.swift */ = {isa = PBXFileReference; lastKnownFileType = sourcecode.swift; path = CardView.swift; sourceTree = "<group>"; };
		0BA94B36266E9AC600F308FF /* Fonts.swift */ = {isa = PBXFileReference; lastKnownFileType = sourcecode.swift; path = Fonts.swift; sourceTree = "<group>"; };
		0BA94B38266EB5D100F308FF /* VisualEffectView.swift */ = {isa = PBXFileReference; lastKnownFileType = sourcecode.swift; path = VisualEffectView.swift; sourceTree = "<group>"; };
		0BA94B3A266EB79500F308FF /* ListElementView.swift */ = {isa = PBXFileReference; lastKnownFileType = sourcecode.swift; path = ListElementView.swift; sourceTree = "<group>"; };
		0BA94B3C266EB8A600F308FF /* BlurredBackground.swift */ = {isa = PBXFileReference; lastKnownFileType = sourcecode.swift; path = BlurredBackground.swift; sourceTree = "<group>"; };
		0BA94B3E266EBA1200F308FF /* BackgroundView.swift */ = {isa = PBXFileReference; lastKnownFileType = sourcecode.swift; path = BackgroundView.swift; sourceTree = "<group>"; };
		0BA94B40266EC01500F308FF /* AddTextFieldView.swift */ = {isa = PBXFileReference; lastKnownFileType = sourcecode.swift; path = AddTextFieldView.swift; sourceTree = "<group>"; };
		0BAE70B42656C7D800135D3A /* shoppingList.app */ = {isa = PBXFileReference; explicitFileType = wrapper.application; includeInIndex = 0; path = shoppingList.app; sourceTree = BUILT_PRODUCTS_DIR; };
		0BAE70B72656C7D800135D3A /* shoppingListApp.swift */ = {isa = PBXFileReference; lastKnownFileType = sourcecode.swift; path = shoppingListApp.swift; sourceTree = "<group>"; };
		0BAE70B92656C7D800135D3A /* ContentView.swift */ = {isa = PBXFileReference; lastKnownFileType = sourcecode.swift; path = ContentView.swift; sourceTree = "<group>"; };
		0BAE70BB2656C7DC00135D3A /* Assets.xcassets */ = {isa = PBXFileReference; lastKnownFileType = folder.assetcatalog; path = Assets.xcassets; sourceTree = "<group>"; };
		0BAE70BE2656C7DC00135D3A /* Preview Assets.xcassets */ = {isa = PBXFileReference; lastKnownFileType = folder.assetcatalog; path = "Preview Assets.xcassets"; sourceTree = "<group>"; };
		0BAE70C32656C7DC00135D3A /* shoppingList.xcdatamodel */ = {isa = PBXFileReference; lastKnownFileType = wrapper.xcdatamodel; path = shoppingList.xcdatamodel; sourceTree = "<group>"; };
		0BAE70C52656C7DC00135D3A /* Info.plist */ = {isa = PBXFileReference; lastKnownFileType = text.plist.xml; path = Info.plist; sourceTree = "<group>"; };
		D42555DB26923E53008B4D55 /* ShoppingElement+CoreDataClass.swift */ = {isa = PBXFileReference; lastKnownFileType = sourcecode.swift; name = "ShoppingElement+CoreDataClass.swift"; path = "Core Data/ShoppingElement+CoreDataClass.swift"; sourceTree = "<group>"; };
		D42555DC26923E53008B4D55 /* ShoppingElement+CoreDataProperties.swift */ = {isa = PBXFileReference; lastKnownFileType = sourcecode.swift; name = "ShoppingElement+CoreDataProperties.swift"; path = "Core Data/ShoppingElement+CoreDataProperties.swift"; sourceTree = "<group>"; };
		D42555DD26923E53008B4D55 /* ShoppingList+CoreDataClass.swift */ = {isa = PBXFileReference; lastKnownFileType = sourcecode.swift; name = "ShoppingList+CoreDataClass.swift"; path = "Core Data/ShoppingList+CoreDataClass.swift"; sourceTree = "<group>"; };
		D42555DE26923E53008B4D55 /* ShoppingList+CoreDataProperties.swift */ = {isa = PBXFileReference; lastKnownFileType = sourcecode.swift; name = "ShoppingList+CoreDataProperties.swift"; path = "Core Data/ShoppingList+CoreDataProperties.swift"; sourceTree = "<group>"; };
		D4442C1B26924F3A0029449B /* NSOrderedSet+Array.swift */ = {isa = PBXFileReference; lastKnownFileType = sourcecode.swift; path = "NSOrderedSet+Array.swift"; sourceTree = "<group>"; };
		D45ABE4C26976D5C00C1ECCC /* EyeKit.xcframework */ = {isa = PBXFileReference; lastKnownFileType = wrapper.xcframework; name = EyeKit.xcframework; path = ../../../EyeKit.xcframework; sourceTree = "<group>"; };
		D461FB822684EE9300559A11 /* ShoppingListModel.xcdatamodel */ = {isa = PBXFileReference; lastKnownFileType = wrapper.xcdatamodel; path = ShoppingListModel.xcdatamodel; sourceTree = "<group>"; };
		D4A71A1926949EB900548C49 /* EvaluationOverview.swift */ = {isa = PBXFileReference; lastKnownFileType = sourcecode.swift; path = EvaluationOverview.swift; sourceTree = "<group>"; };
/* End PBXFileReference section */

/* Begin PBXFrameworksBuildPhase section */
		0BAE70B12656C7D800135D3A /* Frameworks */ = {
			isa = PBXFrameworksBuildPhase;
			buildActionMask = 2147483647;
			files = (
				D48C6BD6268D1964000AD333 /* SwiftUIX in Frameworks */,
				D45ABE4E26976D7100C1ECCC /* EyeKit.xcframework in Frameworks */,
				0B4128C9266826AD00EB2CF8 /* IrregularGradient in Frameworks */,
			);
			runOnlyForDeploymentPostprocessing = 0;
		};
/* End PBXFrameworksBuildPhase section */

/* Begin PBXGroup section */
		0B44192E265A648100100106 /* Views */ = {
			isa = PBXGroup;
			children = (
				0BAE70B92656C7D800135D3A /* ContentView.swift */,
				0B441935265A64F500100106 /* ListsOverview.swift */,
				0B441932265A64C600100106 /* ListView.swift */,
				0BA94B3A266EB79500F308FF /* ListElementView.swift */,
				0B441937265A650100100106 /* EvaluationView.swift */,
				D4A71A1926949EB900548C49 /* EvaluationOverview.swift */,
			);
			path = Views;
			sourceTree = "<group>";
		};
		0B441931265A64A100100106 /* Model */ = {
			isa = PBXGroup;
			children = (
				0B44193D265A6D0000100106 /* ShoppingListsViewModel.swift */,
				D42555DB26923E53008B4D55 /* ShoppingElement+CoreDataClass.swift */,
				D42555DC26923E53008B4D55 /* ShoppingElement+CoreDataProperties.swift */,
				D42555DD26923E53008B4D55 /* ShoppingList+CoreDataClass.swift */,
				D42555DE26923E53008B4D55 /* ShoppingList+CoreDataProperties.swift */,
				D461FB812684EE9300559A11 /* ShoppingListsModel.xcdatamodeld */,
			);
			path = Model;
			sourceTree = "<group>";
		};
		0B441941265A818500100106 /* Helper */ = {
			isa = PBXGroup;
			children = (
				0B4128CA26695B7D00EB2CF8 /* Array+CustomEnumerated.swift */,
				0B3E467A266AA2900007BDF7 /* Array+Identifiable.swift */,
				0B44193F265A76A200100106 /* Colors.swift */,
				0B441942265A9F4900100106 /* Constant.swift */,
				0BA94B36266E9AC600F308FF /* Fonts.swift */,
				D4442C1B26924F3A0029449B /* NSOrderedSet+Array.swift */,
			);
			path = Helper;
			sourceTree = "<group>";
		};
		0BA94B35266E9A9400F308FF /* Reusable Views */ = {
			isa = PBXGroup;
			children = (
				0B3E467E266BB7690007BDF7 /* CustomDivider.swift */,
				0BA94B33266E95AF00F308FF /* CardView.swift */,
				0BA94B38266EB5D100F308FF /* VisualEffectView.swift */,
				0BA94B3C266EB8A600F308FF /* BlurredBackground.swift */,
				0BA94B3E266EBA1200F308FF /* BackgroundView.swift */,
				0BA94B40266EC01500F308FF /* AddTextFieldView.swift */,
			);
			path = "Reusable Views";
			sourceTree = "<group>";
		};
		0BAE70AB2656C7D800135D3A = {
			isa = PBXGroup;
			children = (
				D4BCD3B3268F1B9C0080639B /* Frameworks */,
				0B44192E265A648100100106 /* Views */,
				0B441931265A64A100100106 /* Model */,
				0BA94B35266E9A9400F308FF /* Reusable Views */,
				0B441941265A818500100106 /* Helper */,
				0BAE70B62656C7D800135D3A /* shoppingList */,
				0BAE70B52656C7D800135D3A /* Products */,
			);
			sourceTree = "<group>";
		};
		0BAE70B52656C7D800135D3A /* Products */ = {
			isa = PBXGroup;
			children = (
				0BAE70B42656C7D800135D3A /* shoppingList.app */,
			);
			name = Products;
			sourceTree = "<group>";
		};
		0BAE70B62656C7D800135D3A /* shoppingList */ = {
			isa = PBXGroup;
			children = (
				0BAE70B72656C7D800135D3A /* shoppingListApp.swift */,
				0BAE70BB2656C7DC00135D3A /* Assets.xcassets */,
				0BAE70C52656C7DC00135D3A /* Info.plist */,
				0BAE70C22656C7DC00135D3A /* shoppingList.xcdatamodeld */,
				0BAE70BD2656C7DC00135D3A /* Preview Content */,
			);
			path = shoppingList;
			sourceTree = "<group>";
		};
		0BAE70BD2656C7DC00135D3A /* Preview Content */ = {
			isa = PBXGroup;
			children = (
				0BAE70BE2656C7DC00135D3A /* Preview Assets.xcassets */,
			);
			path = "Preview Content";
			sourceTree = "<group>";
		};
		D4BCD3B3268F1B9C0080639B /* Frameworks */ = {
			isa = PBXGroup;
			children = (
				D45ABE4C26976D5C00C1ECCC /* EyeKit.xcframework */,
			);
			name = Frameworks;
			path = shoppingList/Frameworks;
			sourceTree = "<group>";
		};
/* End PBXGroup section */

/* Begin PBXNativeTarget section */
		0BAE70B32656C7D800135D3A /* shoppingList */ = {
			isa = PBXNativeTarget;
			buildConfigurationList = 0BAE70C82656C7DC00135D3A /* Build configuration list for PBXNativeTarget "shoppingList" */;
			buildPhases = (
				D42393F32684DEE6001E6BB8 /* ShellScript */,
				0BAE70B02656C7D800135D3A /* Sources */,
				0BAE70B12656C7D800135D3A /* Frameworks */,
				0BAE70B22656C7D800135D3A /* Resources */,
				D4BCD3B8268F1BE40080639B /* Embed Frameworks */,
			);
			buildRules = (
			);
			dependencies = (
			);
			name = shoppingList;
			packageProductDependencies = (
				0B4128C8266826AD00EB2CF8 /* IrregularGradient */,
				D48C6BD5268D1964000AD333 /* SwiftUIX */,
			);
			productName = shoppingList;
			productReference = 0BAE70B42656C7D800135D3A /* shoppingList.app */;
			productType = "com.apple.product-type.application";
		};
/* End PBXNativeTarget section */

/* Begin PBXProject section */
		0BAE70AC2656C7D800135D3A /* Project object */ = {
			isa = PBXProject;
			attributes = {
				LastSwiftUpdateCheck = 1250;
				LastUpgradeCheck = 1250;
				TargetAttributes = {
					0BAE70B32656C7D800135D3A = {
						CreatedOnToolsVersion = 12.5;
					};
				};
			};
			buildConfigurationList = 0BAE70AF2656C7D800135D3A /* Build configuration list for PBXProject "shoppingList" */;
			compatibilityVersion = "Xcode 9.3";
			developmentRegion = en;
			hasScannedForEncodings = 0;
			knownRegions = (
				en,
				Base,
			);
			mainGroup = 0BAE70AB2656C7D800135D3A;
			packageReferences = (
				0B4128C7266826AD00EB2CF8 /* XCRemoteSwiftPackageReference "IrregularGradient" */,
				D48C6BD4268D1964000AD333 /* XCRemoteSwiftPackageReference "SwiftUIX" */,
			);
			productRefGroup = 0BAE70B52656C7D800135D3A /* Products */;
			projectDirPath = "";
			projectRoot = "";
			targets = (
				0BAE70B32656C7D800135D3A /* shoppingList */,
			);
		};
/* End PBXProject section */

/* Begin PBXResourcesBuildPhase section */
		0BAE70B22656C7D800135D3A /* Resources */ = {
			isa = PBXResourcesBuildPhase;
			buildActionMask = 2147483647;
			files = (
				0BAE70BF2656C7DC00135D3A /* Preview Assets.xcassets in Resources */,
				0BAE70BC2656C7DC00135D3A /* Assets.xcassets in Resources */,
			);
			runOnlyForDeploymentPostprocessing = 0;
		};
/* End PBXResourcesBuildPhase section */

/* Begin PBXShellScriptBuildPhase section */
		D42393F32684DEE6001E6BB8 /* ShellScript */ = {
			isa = PBXShellScriptBuildPhase;
			buildActionMask = 2147483647;
			files = (
			);
			inputFileListPaths = (
			);
			inputPaths = (
			);
			outputFileListPaths = (
			);
			outputPaths = (
			);
			runOnlyForDeploymentPostprocessing = 0;
			shellPath = /bin/sh;
			shellScript = "# Type a script or drag a script file from your workspace to insert its path.\nif which swiftlint >/dev/null; then\n  swiftlint\nelse\n  echo \"warning: SwiftLint not installed, download from https://github.com/realm/SwiftLint\"\nfi\n";
		};
/* End PBXShellScriptBuildPhase section */

/* Begin PBXSourcesBuildPhase section */
		0BAE70B02656C7D800135D3A /* Sources */ = {
			isa = PBXSourcesBuildPhase;
			buildActionMask = 2147483647;
			files = (
				D4A71A1A26949EB900548C49 /* EvaluationOverview.swift in Sources */,
				0BA94B37266E9AC600F308FF /* Fonts.swift in Sources */,
				0B441943265A9F4900100106 /* Constant.swift in Sources */,
				0B441940265A76A200100106 /* Colors.swift in Sources */,
				D42555DF26923E53008B4D55 /* ShoppingElement+CoreDataClass.swift in Sources */,
				D42555E026923E53008B4D55 /* ShoppingElement+CoreDataProperties.swift in Sources */,
				0BA94B34266E95AF00F308FF /* CardView.swift in Sources */,
				0BAE70C42656C7DC00135D3A /* shoppingList.xcdatamodeld in Sources */,
				D461FB832684EE9300559A11 /* ShoppingListsModel.xcdatamodeld in Sources */,
				0B44193E265A6D0000100106 /* ShoppingListsViewModel.swift in Sources */,
				0B3E467F266BB7690007BDF7 /* CustomDivider.swift in Sources */,
				0B3E467B266AA2900007BDF7 /* Array+Identifiable.swift in Sources */,
				0BA94B41266EC01500F308FF /* AddTextFieldView.swift in Sources */,
				0BA94B3F266EBA1200F308FF /* BackgroundView.swift in Sources */,
				0B4128CB26695B7D00EB2CF8 /* Array+CustomEnumerated.swift in Sources */,
				0B441933265A64C600100106 /* ListView.swift in Sources */,
				0BAE70BA2656C7D800135D3A /* ContentView.swift in Sources */,
				0B441936265A64F500100106 /* ListsOverview.swift in Sources */,
				0BAE70B82656C7D800135D3A /* shoppingListApp.swift in Sources */,
				0BA94B39266EB5D100F308FF /* VisualEffectView.swift in Sources */,
				D4442C1C26924F3A0029449B /* NSOrderedSet+Array.swift in Sources */,
				0BA94B3D266EB8A600F308FF /* BlurredBackground.swift in Sources */,
				0B441938265A650100100106 /* EvaluationView.swift in Sources */,
				D42555E126923E53008B4D55 /* ShoppingList+CoreDataClass.swift in Sources */,
				D42555E226923E53008B4D55 /* ShoppingList+CoreDataProperties.swift in Sources */,
				0BA94B3B266EB79500F308FF /* ListElementView.swift in Sources */,
			);
			runOnlyForDeploymentPostprocessing = 0;
		};
/* End PBXSourcesBuildPhase section */

/* Begin XCBuildConfiguration section */
		0BAE70C62656C7DC00135D3A /* Debug */ = {
			isa = XCBuildConfiguration;
			buildSettings = {
				ALWAYS_SEARCH_USER_PATHS = NO;
				CLANG_ANALYZER_NONNULL = YES;
				CLANG_ANALYZER_NUMBER_OBJECT_CONVERSION = YES_AGGRESSIVE;
				CLANG_CXX_LANGUAGE_STANDARD = "gnu++14";
				CLANG_CXX_LIBRARY = "libc++";
				CLANG_ENABLE_MODULES = YES;
				CLANG_ENABLE_OBJC_ARC = YES;
				CLANG_ENABLE_OBJC_WEAK = YES;
				CLANG_WARN_BLOCK_CAPTURE_AUTORELEASING = YES;
				CLANG_WARN_BOOL_CONVERSION = YES;
				CLANG_WARN_COMMA = YES;
				CLANG_WARN_CONSTANT_CONVERSION = YES;
				CLANG_WARN_DEPRECATED_OBJC_IMPLEMENTATIONS = YES;
				CLANG_WARN_DIRECT_OBJC_ISA_USAGE = YES_ERROR;
				CLANG_WARN_DOCUMENTATION_COMMENTS = YES;
				CLANG_WARN_EMPTY_BODY = YES;
				CLANG_WARN_ENUM_CONVERSION = YES;
				CLANG_WARN_INFINITE_RECURSION = YES;
				CLANG_WARN_INT_CONVERSION = YES;
				CLANG_WARN_NON_LITERAL_NULL_CONVERSION = YES;
				CLANG_WARN_OBJC_IMPLICIT_RETAIN_SELF = YES;
				CLANG_WARN_OBJC_LITERAL_CONVERSION = YES;
				CLANG_WARN_OBJC_ROOT_CLASS = YES_ERROR;
				CLANG_WARN_QUOTED_INCLUDE_IN_FRAMEWORK_HEADER = YES;
				CLANG_WARN_RANGE_LOOP_ANALYSIS = YES;
				CLANG_WARN_STRICT_PROTOTYPES = YES;
				CLANG_WARN_SUSPICIOUS_MOVE = YES;
				CLANG_WARN_UNGUARDED_AVAILABILITY = YES_AGGRESSIVE;
				CLANG_WARN_UNREACHABLE_CODE = YES;
				CLANG_WARN__DUPLICATE_METHOD_MATCH = YES;
				COPY_PHASE_STRIP = NO;
				DEBUG_INFORMATION_FORMAT = dwarf;
				ENABLE_STRICT_OBJC_MSGSEND = YES;
				ENABLE_TESTABILITY = YES;
				GCC_C_LANGUAGE_STANDARD = gnu11;
				GCC_DYNAMIC_NO_PIC = NO;
				GCC_NO_COMMON_BLOCKS = YES;
				GCC_OPTIMIZATION_LEVEL = 0;
				GCC_PREPROCESSOR_DEFINITIONS = (
					"DEBUG=1",
					"$(inherited)",
				);
				GCC_WARN_64_TO_32_BIT_CONVERSION = YES;
				GCC_WARN_ABOUT_RETURN_TYPE = YES_ERROR;
				GCC_WARN_UNDECLARED_SELECTOR = YES;
				GCC_WARN_UNINITIALIZED_AUTOS = YES_AGGRESSIVE;
				GCC_WARN_UNUSED_FUNCTION = YES;
				GCC_WARN_UNUSED_VARIABLE = YES;
				IPHONEOS_DEPLOYMENT_TARGET = 14.5;
				MTL_ENABLE_DEBUG_INFO = INCLUDE_SOURCE;
				MTL_FAST_MATH = YES;
				ONLY_ACTIVE_ARCH = YES;
				SDKROOT = iphoneos;
				SWIFT_ACTIVE_COMPILATION_CONDITIONS = DEBUG;
				SWIFT_OPTIMIZATION_LEVEL = "-Onone";
			};
			name = Debug;
		};
		0BAE70C72656C7DC00135D3A /* Release */ = {
			isa = XCBuildConfiguration;
			buildSettings = {
				ALWAYS_SEARCH_USER_PATHS = NO;
				CLANG_ANALYZER_NONNULL = YES;
				CLANG_ANALYZER_NUMBER_OBJECT_CONVERSION = YES_AGGRESSIVE;
				CLANG_CXX_LANGUAGE_STANDARD = "gnu++14";
				CLANG_CXX_LIBRARY = "libc++";
				CLANG_ENABLE_MODULES = YES;
				CLANG_ENABLE_OBJC_ARC = YES;
				CLANG_ENABLE_OBJC_WEAK = YES;
				CLANG_WARN_BLOCK_CAPTURE_AUTORELEASING = YES;
				CLANG_WARN_BOOL_CONVERSION = YES;
				CLANG_WARN_COMMA = YES;
				CLANG_WARN_CONSTANT_CONVERSION = YES;
				CLANG_WARN_DEPRECATED_OBJC_IMPLEMENTATIONS = YES;
				CLANG_WARN_DIRECT_OBJC_ISA_USAGE = YES_ERROR;
				CLANG_WARN_DOCUMENTATION_COMMENTS = YES;
				CLANG_WARN_EMPTY_BODY = YES;
				CLANG_WARN_ENUM_CONVERSION = YES;
				CLANG_WARN_INFINITE_RECURSION = YES;
				CLANG_WARN_INT_CONVERSION = YES;
				CLANG_WARN_NON_LITERAL_NULL_CONVERSION = YES;
				CLANG_WARN_OBJC_IMPLICIT_RETAIN_SELF = YES;
				CLANG_WARN_OBJC_LITERAL_CONVERSION = YES;
				CLANG_WARN_OBJC_ROOT_CLASS = YES_ERROR;
				CLANG_WARN_QUOTED_INCLUDE_IN_FRAMEWORK_HEADER = YES;
				CLANG_WARN_RANGE_LOOP_ANALYSIS = YES;
				CLANG_WARN_STRICT_PROTOTYPES = YES;
				CLANG_WARN_SUSPICIOUS_MOVE = YES;
				CLANG_WARN_UNGUARDED_AVAILABILITY = YES_AGGRESSIVE;
				CLANG_WARN_UNREACHABLE_CODE = YES;
				CLANG_WARN__DUPLICATE_METHOD_MATCH = YES;
				COPY_PHASE_STRIP = NO;
				DEBUG_INFORMATION_FORMAT = "dwarf-with-dsym";
				ENABLE_NS_ASSERTIONS = NO;
				ENABLE_STRICT_OBJC_MSGSEND = YES;
				GCC_C_LANGUAGE_STANDARD = gnu11;
				GCC_NO_COMMON_BLOCKS = YES;
				GCC_WARN_64_TO_32_BIT_CONVERSION = YES;
				GCC_WARN_ABOUT_RETURN_TYPE = YES_ERROR;
				GCC_WARN_UNDECLARED_SELECTOR = YES;
				GCC_WARN_UNINITIALIZED_AUTOS = YES_AGGRESSIVE;
				GCC_WARN_UNUSED_FUNCTION = YES;
				GCC_WARN_UNUSED_VARIABLE = YES;
				IPHONEOS_DEPLOYMENT_TARGET = 14.5;
				MTL_ENABLE_DEBUG_INFO = NO;
				MTL_FAST_MATH = YES;
				SDKROOT = iphoneos;
				SWIFT_COMPILATION_MODE = wholemodule;
				SWIFT_OPTIMIZATION_LEVEL = "-O";
				VALIDATE_PRODUCT = YES;
			};
			name = Release;
		};
		0BAE70C92656C7DC00135D3A /* Debug */ = {
			isa = XCBuildConfiguration;
			buildSettings = {
				ASSETCATALOG_COMPILER_APPICON_NAME = AppIcon;
				ASSETCATALOG_COMPILER_GLOBAL_ACCENT_COLOR_NAME = AccentColor;
				CODE_SIGN_STYLE = Automatic;
				DEVELOPMENT_ASSET_PATHS = "\"shoppingList/Preview Content\"";
				DEVELOPMENT_TEAM = EW47C96F97;
				ENABLE_PREVIEWS = YES;
				INFOPLIST_FILE = shoppingList/Info.plist;
				IPHONEOS_DEPLOYMENT_TARGET = 14.0;
				LD_RUNPATH_SEARCH_PATHS = (
					"$(inherited)",
					"@executable_path/Frameworks",
				);
				PRODUCT_BUNDLE_IDENTIFIER = com.schmiedmayer.stephan.shoppingList;
				PRODUCT_NAME = "$(TARGET_NAME)";
				SWIFT_VERSION = 5.0;
				TARGETED_DEVICE_FAMILY = "1,2";
			};
			name = Debug;
		};
		0BAE70CA2656C7DC00135D3A /* Release */ = {
			isa = XCBuildConfiguration;
			buildSettings = {
				ASSETCATALOG_COMPILER_APPICON_NAME = AppIcon;
				ASSETCATALOG_COMPILER_GLOBAL_ACCENT_COLOR_NAME = AccentColor;
				CODE_SIGN_STYLE = Automatic;
				DEVELOPMENT_ASSET_PATHS = "\"shoppingList/Preview Content\"";
				DEVELOPMENT_TEAM = EW47C96F97;
				ENABLE_PREVIEWS = YES;
				INFOPLIST_FILE = shoppingList/Info.plist;
				IPHONEOS_DEPLOYMENT_TARGET = 14.0;
				LD_RUNPATH_SEARCH_PATHS = (
					"$(inherited)",
					"@executable_path/Frameworks",
				);
				PRODUCT_BUNDLE_IDENTIFIER = com.schmiedmayer.stephan.shoppingList;
				PRODUCT_NAME = "$(TARGET_NAME)";
				SWIFT_VERSION = 5.0;
				TARGETED_DEVICE_FAMILY = "1,2";
			};
			name = Release;
		};
/* End XCBuildConfiguration section */

/* Begin XCConfigurationList section */
		0BAE70AF2656C7D800135D3A /* Build configuration list for PBXProject "shoppingList" */ = {
			isa = XCConfigurationList;
			buildConfigurations = (
				0BAE70C62656C7DC00135D3A /* Debug */,
				0BAE70C72656C7DC00135D3A /* Release */,
			);
			defaultConfigurationIsVisible = 0;
			defaultConfigurationName = Release;
		};
		0BAE70C82656C7DC00135D3A /* Build configuration list for PBXNativeTarget "shoppingList" */ = {
			isa = XCConfigurationList;
			buildConfigurations = (
				0BAE70C92656C7DC00135D3A /* Debug */,
				0BAE70CA2656C7DC00135D3A /* Release */,
			);
			defaultConfigurationIsVisible = 0;
			defaultConfigurationName = Release;
		};
/* End XCConfigurationList section */

/* Begin XCRemoteSwiftPackageReference section */
		0B4128C7266826AD00EB2CF8 /* XCRemoteSwiftPackageReference "IrregularGradient" */ = {
			isa = XCRemoteSwiftPackageReference;
			repositoryURL = "https://github.com/joogps/IrregularGradient.git";
			requirement = {
				kind = upToNextMajorVersion;
				minimumVersion = 1.1.0;
			};
		};
		D48C6BD4268D1964000AD333 /* XCRemoteSwiftPackageReference "SwiftUIX" */ = {
			isa = XCRemoteSwiftPackageReference;
			repositoryURL = "https://github.com/SwiftUIX/SwiftUIX";
			requirement = {
				kind = upToNextMajorVersion;
				minimumVersion = 0.0.7;
			};
		};
/* End XCRemoteSwiftPackageReference section */

/* Begin XCSwiftPackageProductDependency section */
		0B4128C8266826AD00EB2CF8 /* IrregularGradient */ = {
			isa = XCSwiftPackageProductDependency;
			package = 0B4128C7266826AD00EB2CF8 /* XCRemoteSwiftPackageReference "IrregularGradient" */;
			productName = IrregularGradient;
		};
		D48C6BD5268D1964000AD333 /* SwiftUIX */ = {
			isa = XCSwiftPackageProductDependency;
			package = D48C6BD4268D1964000AD333 /* XCRemoteSwiftPackageReference "SwiftUIX" */;
			productName = SwiftUIX;
		};
/* End XCSwiftPackageProductDependency section */

/* Begin XCVersionGroup section */
		0BAE70C22656C7DC00135D3A /* shoppingList.xcdatamodeld */ = {
			isa = XCVersionGroup;
			children = (
				0BAE70C32656C7DC00135D3A /* shoppingList.xcdatamodel */,
			);
			currentVersion = 0BAE70C32656C7DC00135D3A /* shoppingList.xcdatamodel */;
			path = shoppingList.xcdatamodeld;
			sourceTree = "<group>";
			versionGroupType = wrapper.xcdatamodel;
		};
		D461FB812684EE9300559A11 /* ShoppingListsModel.xcdatamodeld */ = {
			isa = XCVersionGroup;
			children = (
				D461FB822684EE9300559A11 /* ShoppingListModel.xcdatamodel */,
			);
			currentVersion = D461FB822684EE9300559A11 /* ShoppingListModel.xcdatamodel */;
			path = ShoppingListsModel.xcdatamodeld;
			sourceTree = "<group>";
			versionGroupType = wrapper.xcdatamodel;
		};
/* End XCVersionGroup section */
	};
	rootObject = 0BAE70AC2656C7D800135D3A /* Project object */;
}
