{
  "object": {
    "pins": [
      {
        "package": "secure-aggregation-client",
        "repositoryURL": "ssh://git@bitbucket.ase.in.tum.de:7999/mk/secureaggregationclient.git",
        "state": {
          "branch": null,
          "revision": "cf2173df601a64f378600906d4718d0dcd4564d9",
          "version": "0.0.1"
        }
      },
      {
        "package": "SwiftUIX",
        "repositoryURL": "https://github.com/SwiftUIX/SwiftUIX",
        "state": {
          "branch": null,
          "revision": "05f6b13abc47d6f605bc2c253c7cb7e54dfe7ff2",
          "version": "0.0.9"
        }
      }
    ]
  },
  "version": 1
}
